
Microsoft Visual Studio Solution File, Format Version 12.00
# Visual Studio Version 16
VisualStudioVersion = 16.0.30907.101
MinimumVisualStudioVersion = 10.0.40219.1
Project("{FAE04EC0-301F-11D3-BF4B-00C04F79EFBC}") = "B10956050-1", "B10956050-1\B10956050-1.csproj", "{CE7F5DC1-F01A-4D49-BBE5-65C4E95C36F5}"
EndProject
Global
	GlobalSection(SolutionConfigurationPlatforms) = preSolution
		Debug|Any CPU = Debug|Any CPU
		Release|Any CPU = Release|Any CPU
	EndGlobalSection
	GlobalSection(ProjectConfigurationPlatforms) = postSolution
		{CE7F5DC1-F01A-4D49-BBE5-65C4E95C36F5}.Debug|Any CPU.ActiveCfg = Debug|Any CPU
		{CE7F5DC1-F01A-4D49-BBE5-65C4E95C36F5}.Debug|Any CPU.Build.0 = Debug|Any CPU
		{CE7F5DC1-F01A-4D49-BBE5-65C4E95C36F5}.Release|Any CPU.ActiveCfg = Release|Any CPU
		{CE7F5DC1-F01A-4D49-BBE5-65C4E95C36F5}.Release|Any CPU.Build.0 = Release|Any CPU
	EndGlobalSection
	GlobalSection(SolutionProperties) = preSolution
		HideSolutionNode = FALSE
	EndGlobalSection
	GlobalSection(ExtensibilityGlobals) = postSolution
		SolutionGuid = {335A63C7-A4B2-4CB9-A2E4-5BE33FC4E583}
	EndGlobalSection
EndGlobal
